
Microsoft Visual Studio Solution File, Format Version 12.00
# Visual Studio Version 17
VisualStudioVersion = 17.14.36327.8 d17.14
MinimumVisualStudioVersion = 10.0.40219.1
Project("{FAE04EC0-301F-11D3-BF4B-00C04F79EFBC}") = "gerry", "gerry\gerry.csproj", "{A5435571-EB1A-4084-BCAE-3AA1F55B87FC}"
EndProject
Project("{FAE04EC0-301F-11D3-BF4B-00C04F79EFBC}") = "gerry.WPF", "gerry.WPF\gerry.WPF.csproj", "{2AAFD358-1066-401A-B037-19FA4DC565AC}"
EndProject
Global
	GlobalSection(SolutionConfigurationPlatforms) = preSolution
		Debug|Any CPU = Debug|Any CPU
		Release|Any CPU = Release|Any CPU
	EndGlobalSection
	GlobalSection(ProjectConfigurationPlatforms) = postSolution
		{A5435571-EB1A-4084-BCAE-3AA1F55B87FC}.Debug|Any CPU.ActiveCfg = Debug|Any CPU
		{A5435571-EB1A-4084-BCAE-3AA1F55B87FC}.Debug|Any CPU.Build.0 = Debug|Any CPU
		{A5435571-EB1A-4084-BCAE-3AA1F55B87FC}.Release|Any CPU.ActiveCfg = Release|Any CPU
		{A5435571-EB1A-4084-BCAE-3AA1F55B87FC}.Release|Any CPU.Build.0 = Release|Any CPU
		{2AAFD358-1066-401A-B037-19FA4DC565AC}.Debug|Any CPU.ActiveCfg = Debug|Any CPU
		{2AAFD358-1066-401A-B037-19FA4DC565AC}.Debug|Any CPU.Build.0 = Debug|Any CPU
		{2AAFD358-1066-401A-B037-19FA4DC565AC}.Release|Any CPU.ActiveCfg = Release|Any CPU
		{2AAFD358-1066-401A-B037-19FA4DC565AC}.Release|Any CPU.Build.0 = Release|Any CPU
	EndGlobalSection
	GlobalSection(SolutionProperties) = preSolution
		HideSolutionNode = FALSE
	EndGlobalSection
	GlobalSection(ExtensibilityGlobals) = postSolution
		SolutionGuid = {5B2E2BEA-72D5-48C9-8296-E72FD9528979}
	EndGlobalSection
EndGlobal
